
Microsoft Visual Studio Solution File, Format Version 11.00
# Visual Studio 2010
Project("{FAE04EC0-301F-11D3-BF4B-00C04F79EFBC}") = "SequenceDiagramGenerator", "SequenceDiagramGenerator\SequenceDiagramGenerator.csproj", "{23FFBF5F-276C-4411-8509-B58D970379D0}"
EndProject
Project("{FAE04EC0-301F-11D3-BF4B-00C04F79EFBC}") = "DependencyGraphGenerator", "DependencyGraphGenerator\DependencyGraphGenerator.csproj", "{EAD5BCB7-CDC3-4CE0-915C-0F66290DFDF4}"
EndProject
Project("{FAE04EC0-301F-11D3-BF4B-00C04F79EFBC}") = "DependencyGraphGeneratorTest", "DependencyGraphGeneratorTest\DependencyGraphGeneratorTest.csproj", "{2A6780C8-A2CB-4C30-B583-DB86F1866B26}"
EndProject
Project("{FAE04EC0-301F-11D3-BF4B-00C04F79EFBC}") = "WebSequenceDiagramsGeneratorTest", "WebSequenceDiagramsGeneratorTest\WebSequenceDiagramsGeneratorTest.csproj", "{FFF319E9-3E21-4D7A-BEF7-FCC557839681}"
EndProject
Project("{FAE04EC0-301F-11D3-BF4B-00C04F79EFBC}") = "WebSequenceDiagramGenerator", "WebSequenceDiagramGenerator\WebSequenceDiagramGenerator.csproj", "{92852769-63F7-408E-9760-C9529ED50E6B}"
EndProject
Project("{FAE04EC0-301F-11D3-BF4B-00C04F79EFBC}") = "Common", "Common\Common.csproj", "{B4CA07DF-1417-479A-83D7-078874CC7432}"
EndProject
Project("{FAE04EC0-301F-11D3-BF4B-00C04F79EFBC}") = "FunctionalTest", "FunctionalTest\FunctionalTest.csproj", "{4A3CA8BB-ADBB-457D-82AA-62AEFFD50CA0}"
EndProject
Project("{2150E333-8FDC-42A3-9474-1A3956D46DE8}") = "Tests", "Tests", "{83B41C3E-B040-47BD-843F-17EBBA5A1041}"
EndProject
Global
	GlobalSection(SolutionConfigurationPlatforms) = preSolution
		Debug|Any CPU = Debug|Any CPU
		Debug|Mixed Platforms = Debug|Mixed Platforms
		Debug|x86 = Debug|x86
		Release|Any CPU = Release|Any CPU
		Release|Mixed Platforms = Release|Mixed Platforms
		Release|x86 = Release|x86
	EndGlobalSection
	GlobalSection(ProjectConfigurationPlatforms) = postSolution
		{23FFBF5F-276C-4411-8509-B58D970379D0}.Debug|Any CPU.ActiveCfg = Debug|Any CPU
		{23FFBF5F-276C-4411-8509-B58D970379D0}.Debug|Any CPU.Build.0 = Debug|Any CPU
		{23FFBF5F-276C-4411-8509-B58D970379D0}.Debug|Mixed Platforms.ActiveCfg = Debug|Any CPU
		{23FFBF5F-276C-4411-8509-B58D970379D0}.Debug|Mixed Platforms.Build.0 = Debug|Any CPU
		{23FFBF5F-276C-4411-8509-B58D970379D0}.Debug|x86.ActiveCfg = Debug|Any CPU
		{23FFBF5F-276C-4411-8509-B58D970379D0}.Release|Any CPU.ActiveCfg = Release|Any CPU
		{23FFBF5F-276C-4411-8509-B58D970379D0}.Release|Any CPU.Build.0 = Release|Any CPU
		{23FFBF5F-276C-4411-8509-B58D970379D0}.Release|Mixed Platforms.ActiveCfg = Release|Any CPU
		{23FFBF5F-276C-4411-8509-B58D970379D0}.Release|Mixed Platforms.Build.0 = Release|Any CPU
		{23FFBF5F-276C-4411-8509-B58D970379D0}.Release|x86.ActiveCfg = Release|Any CPU
		{EAD5BCB7-CDC3-4CE0-915C-0F66290DFDF4}.Debug|Any CPU.ActiveCfg = Debug|Any CPU
		{EAD5BCB7-CDC3-4CE0-915C-0F66290DFDF4}.Debug|Any CPU.Build.0 = Debug|Any CPU
		{EAD5BCB7-CDC3-4CE0-915C-0F66290DFDF4}.Debug|Mixed Platforms.ActiveCfg = Debug|Any CPU
		{EAD5BCB7-CDC3-4CE0-915C-0F66290DFDF4}.Debug|Mixed Platforms.Build.0 = Debug|Any CPU
		{EAD5BCB7-CDC3-4CE0-915C-0F66290DFDF4}.Debug|x86.ActiveCfg = Debug|Any CPU
		{EAD5BCB7-CDC3-4CE0-915C-0F66290DFDF4}.Release|Any CPU.ActiveCfg = Release|Any CPU
		{EAD5BCB7-CDC3-4CE0-915C-0F66290DFDF4}.Release|Any CPU.Build.0 = Release|Any CPU
		{EAD5BCB7-CDC3-4CE0-915C-0F66290DFDF4}.Release|Mixed Platforms.ActiveCfg = Release|Any CPU
		{EAD5BCB7-CDC3-4CE0-915C-0F66290DFDF4}.Release|Mixed Platforms.Build.0 = Release|Any CPU
		{EAD5BCB7-CDC3-4CE0-915C-0F66290DFDF4}.Release|x86.ActiveCfg = Release|Any CPU
		{2A6780C8-A2CB-4C30-B583-DB86F1866B26}.Debug|Any CPU.ActiveCfg = Debug|Any CPU
		{2A6780C8-A2CB-4C30-B583-DB86F1866B26}.Debug|Any CPU.Build.0 = Debug|Any CPU
		{2A6780C8-A2CB-4C30-B583-DB86F1866B26}.Debug|Mixed Platforms.ActiveCfg = Debug|Any CPU
		{2A6780C8-A2CB-4C30-B583-DB86F1866B26}.Debug|Mixed Platforms.Build.0 = Debug|Any CPU
		{2A6780C8-A2CB-4C30-B583-DB86F1866B26}.Debug|x86.ActiveCfg = Debug|Any CPU
		{2A6780C8-A2CB-4C30-B583-DB86F1866B26}.Release|Any CPU.ActiveCfg = Release|Any CPU
		{2A6780C8-A2CB-4C30-B583-DB86F1866B26}.Release|Any CPU.Build.0 = Release|Any CPU
		{2A6780C8-A2CB-4C30-B583-DB86F1866B26}.Release|Mixed Platforms.ActiveCfg = Release|Any CPU
		{2A6780C8-A2CB-4C30-B583-DB86F1866B26}.Release|Mixed Platforms.Build.0 = Release|Any CPU
		{2A6780C8-A2CB-4C30-B583-DB86F1866B26}.Release|x86.ActiveCfg = Release|Any CPU
		{FFF319E9-3E21-4D7A-BEF7-FCC557839681}.Debug|Any CPU.ActiveCfg = Debug|Any CPU
		{FFF319E9-3E21-4D7A-BEF7-FCC557839681}.Debug|Any CPU.Build.0 = Debug|Any CPU
		{FFF319E9-3E21-4D7A-BEF7-FCC557839681}.Debug|Mixed Platforms.ActiveCfg = Debug|Any CPU
		{FFF319E9-3E21-4D7A-BEF7-FCC557839681}.Debug|Mixed Platforms.Build.0 = Debug|Any CPU
		{FFF319E9-3E21-4D7A-BEF7-FCC557839681}.Debug|x86.ActiveCfg = Debug|Any CPU
		{FFF319E9-3E21-4D7A-BEF7-FCC557839681}.Release|Any CPU.ActiveCfg = Release|Any CPU
		{FFF319E9-3E21-4D7A-BEF7-FCC557839681}.Release|Any CPU.Build.0 = Release|Any CPU
		{FFF319E9-3E21-4D7A-BEF7-FCC557839681}.Release|Mixed Platforms.ActiveCfg = Release|Any CPU
		{FFF319E9-3E21-4D7A-BEF7-FCC557839681}.Release|Mixed Platforms.Build.0 = Release|Any CPU
		{FFF319E9-3E21-4D7A-BEF7-FCC557839681}.Release|x86.ActiveCfg = Release|Any CPU
		{92852769-63F7-408E-9760-C9529ED50E6B}.Debug|Any CPU.ActiveCfg = Debug|Any CPU
		{92852769-63F7-408E-9760-C9529ED50E6B}.Debug|Any CPU.Build.0 = Debug|Any CPU
		{92852769-63F7-408E-9760-C9529ED50E6B}.Debug|Mixed Platforms.ActiveCfg = Debug|Any CPU
		{92852769-63F7-408E-9760-C9529ED50E6B}.Debug|Mixed Platforms.Build.0 = Debug|Any CPU
		{92852769-63F7-408E-9760-C9529ED50E6B}.Debug|x86.ActiveCfg = Debug|Any CPU
		{92852769-63F7-408E-9760-C9529ED50E6B}.Release|Any CPU.ActiveCfg = Release|Any CPU
		{92852769-63F7-408E-9760-C9529ED50E6B}.Release|Any CPU.Build.0 = Release|Any CPU
		{92852769-63F7-408E-9760-C9529ED50E6B}.Release|Mixed Platforms.ActiveCfg = Release|Any CPU
		{92852769-63F7-408E-9760-C9529ED50E6B}.Release|Mixed Platforms.Build.0 = Release|Any CPU
		{92852769-63F7-408E-9760-C9529ED50E6B}.Release|x86.ActiveCfg = Release|Any CPU
		{B4CA07DF-1417-479A-83D7-078874CC7432}.Debug|Any CPU.ActiveCfg = Debug|Any CPU
		{B4CA07DF-1417-479A-83D7-078874CC7432}.Debug|Any CPU.Build.0 = Debug|Any CPU
		{B4CA07DF-1417-479A-83D7-078874CC7432}.Debug|Mixed Platforms.ActiveCfg = Debug|Any CPU
		{B4CA07DF-1417-479A-83D7-078874CC7432}.Debug|Mixed Platforms.Build.0 = Debug|Any CPU
		{B4CA07DF-1417-479A-83D7-078874CC7432}.Debug|x86.ActiveCfg = Debug|Any CPU
		{B4CA07DF-1417-479A-83D7-078874CC7432}.Release|Any CPU.ActiveCfg = Release|Any CPU
		{B4CA07DF-1417-479A-83D7-078874CC7432}.Release|Any CPU.Build.0 = Release|Any CPU
		{B4CA07DF-1417-479A-83D7-078874CC7432}.Release|Mixed Platforms.ActiveCfg = Release|Any CPU
		{B4CA07DF-1417-479A-83D7-078874CC7432}.Release|Mixed Platforms.Build.0 = Release|Any CPU
		{B4CA07DF-1417-479A-83D7-078874CC7432}.Release|x86.ActiveCfg = Release|Any CPU
		{4A3CA8BB-ADBB-457D-82AA-62AEFFD50CA0}.Debug|Any CPU.ActiveCfg = Debug|Any CPU
		{4A3CA8BB-ADBB-457D-82AA-62AEFFD50CA0}.Debug|Any CPU.Build.0 = Debug|Any CPU
		{4A3CA8BB-ADBB-457D-82AA-62AEFFD50CA0}.Debug|Mixed Platforms.ActiveCfg = Debug|Any CPU
		{4A3CA8BB-ADBB-457D-82AA-62AEFFD50CA0}.Debug|Mixed Platforms.Build.0 = Debug|Any CPU
		{4A3CA8BB-ADBB-457D-82AA-62AEFFD50CA0}.Debug|x86.ActiveCfg = Debug|Any CPU
		{4A3CA8BB-ADBB-457D-82AA-62AEFFD50CA0}.Release|Any CPU.ActiveCfg = Release|Any CPU
		{4A3CA8BB-ADBB-457D-82AA-62AEFFD50CA0}.Release|Any CPU.Build.0 = Release|Any CPU
		{4A3CA8BB-ADBB-457D-82AA-62AEFFD50CA0}.Release|Mixed Platforms.ActiveCfg = Release|Any CPU
		{4A3CA8BB-ADBB-457D-82AA-62AEFFD50CA0}.Release|Mixed Platforms.Build.0 = Release|Any CPU
		{4A3CA8BB-ADBB-457D-82AA-62AEFFD50CA0}.Release|x86.ActiveCfg = Release|Any CPU
	EndGlobalSection
	GlobalSection(SolutionProperties) = preSolution
		HideSolutionNode = FALSE
	EndGlobalSection
	GlobalSection(NestedProjects) = preSolution
		{FFF319E9-3E21-4D7A-BEF7-FCC557839681} = {83B41C3E-B040-47BD-843F-17EBBA5A1041}
		{2A6780C8-A2CB-4C30-B583-DB86F1866B26} = {83B41C3E-B040-47BD-843F-17EBBA5A1041}
		{4A3CA8BB-ADBB-457D-82AA-62AEFFD50CA0} = {83B41C3E-B040-47BD-843F-17EBBA5A1041}
	EndGlobalSection
EndGlobal
